{
  "name": "@beattyml1/action-dispatch-map",
  "version": "1.0.0",
  "lockfileVersion": 1,
  "requires": true,
  "dependencies": {
    "@beattyml1/func-types": {
      "version": "1.0.0",
      "resolved": "https://registry.npmjs.org/@beattyml1/func-types/-/func-types-1.0.0.tgz",
      "integrity": "sha512-y140mAZ3Y3/UK3LsWvJQeF4BrJRZela5zNe+BHvc+TGj3qBf67lQLWWrolcHSP1zzqwHAm6WE2QXnjV4UjuBpQ=="
    },
    "@beattyml1/map-properties": {
      "version": "1.0.0",
      "resolved": "https://registry.npmjs.org/@beattyml1/map-properties/-/map-properties-1.0.0.tgz",
      "integrity": "sha512-nQQxnbjpEwJXku4qp5cSuQgCgAu06sq+t6jNqyxmn1djIUMHMGd/Mku5P77cqyAFmUbj6w6EMTO0N90BnYvgkQ=="
    }
  }
}
